
Microsoft Visual Studio Solution File, Format Version 12.00
# Visual Studio Version 16
VisualStudioVersion = 16.0.34301.259
MinimumVisualStudioVersion = 10.0.40219.1
Project("{8BC9CEB8-8B4A-11D0-8D11-00A0C91BC942}") = "循环语句", "循环语句.vcxproj", "{AB4EB18F-62E6-42C0-A470-267805F835E2}"
EndProject
Global
	GlobalSection(SolutionConfigurationPlatforms) = preSolution
		Debug|x64 = Debug|x64
		Debug|x86 = Debug|x86
		Release|x64 = Release|x64
		Release|x86 = Release|x86
	EndGlobalSection
	GlobalSection(ProjectConfigurationPlatforms) = postSolution
		{AB4EB18F-62E6-42C0-A470-267805F835E2}.Debug|x64.ActiveCfg = Debug|x64
		{AB4EB18F-62E6-42C0-A470-267805F835E2}.Debug|x64.Build.0 = Debug|x64
		{AB4EB18F-62E6-42C0-A470-267805F835E2}.Debug|x86.ActiveCfg = Debug|Win32
		{AB4EB18F-62E6-42C0-A470-267805F835E2}.Debug|x86.Build.0 = Debug|Win32
		{AB4EB18F-62E6-42C0-A470-267805F835E2}.Release|x64.ActiveCfg = Release|x64
		{AB4EB18F-62E6-42C0-A470-267805F835E2}.Release|x64.Build.0 = Release|x64
		{AB4EB18F-62E6-42C0-A470-267805F835E2}.Release|x86.ActiveCfg = Release|Win32
		{AB4EB18F-62E6-42C0-A470-267805F835E2}.Release|x86.Build.0 = Release|Win32
	EndGlobalSection
	GlobalSection(SolutionProperties) = preSolution
		HideSolutionNode = FALSE
	EndGlobalSection
	GlobalSection(ExtensibilityGlobals) = postSolution
		SolutionGuid = {190BE88E-4518-45BE-9CC4-49EDD73B176D}
	EndGlobalSection
EndGlobal
