
Microsoft Visual Studio Solution File, Format Version 12.00
# Visual Studio Version 16
VisualStudioVersion = 16.0.34301.259
MinimumVisualStudioVersion = 10.0.40219.1
Project("{8BC9CEB8-8B4A-11D0-8D11-00A0C91BC942}") = "写1-100内的所有奇数", "写1-100内的所有奇数.vcxproj", "{4A7A1C21-A3B2-4290-9DB9-96AD7C426FDC}"
EndProject
Global
	GlobalSection(SolutionConfigurationPlatforms) = preSolution
		Debug|x64 = Debug|x64
		Debug|x86 = Debug|x86
		Release|x64 = Release|x64
		Release|x86 = Release|x86
	EndGlobalSection
	GlobalSection(ProjectConfigurationPlatforms) = postSolution
		{4A7A1C21-A3B2-4290-9DB9-96AD7C426FDC}.Debug|x64.ActiveCfg = Debug|x64
		{4A7A1C21-A3B2-4290-9DB9-96AD7C426FDC}.Debug|x64.Build.0 = Debug|x64
		{4A7A1C21-A3B2-4290-9DB9-96AD7C426FDC}.Debug|x86.ActiveCfg = Debug|Win32
		{4A7A1C21-A3B2-4290-9DB9-96AD7C426FDC}.Debug|x86.Build.0 = Debug|Win32
		{4A7A1C21-A3B2-4290-9DB9-96AD7C426FDC}.Release|x64.ActiveCfg = Release|x64
		{4A7A1C21-A3B2-4290-9DB9-96AD7C426FDC}.Release|x64.Build.0 = Release|x64
		{4A7A1C21-A3B2-4290-9DB9-96AD7C426FDC}.Release|x86.ActiveCfg = Release|Win32
		{4A7A1C21-A3B2-4290-9DB9-96AD7C426FDC}.Release|x86.Build.0 = Release|Win32
	EndGlobalSection
	GlobalSection(SolutionProperties) = preSolution
		HideSolutionNode = FALSE
	EndGlobalSection
	GlobalSection(ExtensibilityGlobals) = postSolution
		SolutionGuid = {B9395DC5-7D60-4AA5-9F82-75A8F9A79357}
	EndGlobalSection
EndGlobal
